
Microsoft Visual Studio Solution File, Format Version 12.00
# Visual Studio Version 17
VisualStudioVersion = 17.4.33103.184
MinimumVisualStudioVersion = 10.0.40219.1
Project("{FAE04EC0-301F-11D3-BF4B-00C04F79EFBC}") = "Graphs", "Graphs.csproj", "{C0E6BD71-6203-49D9-9124-4A21F20FA9D8}"
EndProject
Project("{FAE04EC0-301F-11D3-BF4B-00C04F79EFBC}") = "GraphsTests", "..\GraphsTests\GraphsTests.csproj", "{4A232552-F565-48A4-B68A-023F40D3D48B}"
EndProject
Global
	GlobalSection(SolutionConfigurationPlatforms) = preSolution
		Debug|Any CPU = Debug|Any CPU
		Release|Any CPU = Release|Any CPU
	EndGlobalSection
	GlobalSection(ProjectConfigurationPlatforms) = postSolution
		{C0E6BD71-6203-49D9-9124-4A21F20FA9D8}.Debug|Any CPU.ActiveCfg = Debug|Any CPU
		{C0E6BD71-6203-49D9-9124-4A21F20FA9D8}.Debug|Any CPU.Build.0 = Debug|Any CPU
		{C0E6BD71-6203-49D9-9124-4A21F20FA9D8}.Release|Any CPU.ActiveCfg = Release|Any CPU
		{C0E6BD71-6203-49D9-9124-4A21F20FA9D8}.Release|Any CPU.Build.0 = Release|Any CPU
		{4A232552-F565-48A4-B68A-023F40D3D48B}.Debug|Any CPU.ActiveCfg = Debug|Any CPU
		{4A232552-F565-48A4-B68A-023F40D3D48B}.Debug|Any CPU.Build.0 = Debug|Any CPU
		{4A232552-F565-48A4-B68A-023F40D3D48B}.Release|Any CPU.ActiveCfg = Release|Any CPU
		{4A232552-F565-48A4-B68A-023F40D3D48B}.Release|Any CPU.Build.0 = Release|Any CPU
	EndGlobalSection
	GlobalSection(SolutionProperties) = preSolution
		HideSolutionNode = FALSE
	EndGlobalSection
	GlobalSection(ExtensibilityGlobals) = postSolution
		SolutionGuid = {98F7177B-C8E1-4C8D-B9E1-29059A78A8DF}
	EndGlobalSection
EndGlobal
